{
  "lockfileVersion": 3,
  "requires": true,
  "packages": {
    "": {
      "name": "wa-group-extractor",
      "version": "1.0.0",
      "license": "MIT",
      "devDependencies": {},
      "dependencies": {},
      "engines": {
        "node": ">=14.0.0",
        "npm": ">=6.0.0"
      }
    }
  }
}
